
Microsoft Visual Studio Solution File, Format Version 12.00
# Visual Studio Version 17
VisualStudioVersion = 17.2.32630.192
MinimumVisualStudioVersion = 10.0.40219.1
Project("{9A19103F-16F7-4668-BE54-9A1E7A4F7556}") = "Totoro.WinUI", "Totoro.WinUI.csproj", "{346FD672-F5D5-4226-A467-EFEBDBAB4BDA}"
EndProject
Project("{930C7802-8A8C-48F9-8165-68863BCCD9DD}") = "Totoro.Installer", "..\Totoro.Installer\Totoro.Installer.wixproj", "{39FA00D8-59A7-4167-9015-BFEE0EEB6E14}"
EndProject
Project("{930C7802-8A8C-48F9-8165-68863BCCD9DD}") = "Totoro.Bootstrapper", "..\Totoro.Installer\Totoro.Bootstrapper.wixproj", "{0B78252D-1C5D-446A-84DE-D0B17418218A}"
EndProject
Project("{2150E333-8FDC-42A3-9474-1A3956D46DE8}") = "Solution Items", "Solution Items", "{2096F600-B2FF-4AA2-A9F4-19D6B36E0684}"
	ProjectSection(SolutionItems) = preProject
		..\.gitattributes = ..\.gitattributes
		..\.gitignore = ..\.gitignore
		..\.github\workflows\Deploy.yml = ..\.github\workflows\Deploy.yml
		..\LICENSE = ..\LICENSE
		..\nuget.config = ..\nuget.config
		..\README.md = ..\README.md
	EndProjectSection
EndProject
Project("{9A19103F-16F7-4668-BE54-9A1E7A4F7556}") = "Totoro.Core", "..\Totoro.Core\Totoro.Core.csproj", "{0DC35921-32A4-42EC-A293-8916797EB358}"
EndProject
Project("{9A19103F-16F7-4668-BE54-9A1E7A4F7556}") = "Totoro.Core.Tests", "..\Totoro.Core.Tests\Totoro.Core.Tests.csproj", "{53A39CBF-704F-4940-B008-83B83972B250}"
EndProject
Global
	GlobalSection(SolutionConfigurationPlatforms) = preSolution
		Debug|x64 = Debug|x64
		Release|x64 = Release|x64
	EndGlobalSection
	GlobalSection(ProjectConfigurationPlatforms) = postSolution
		{346FD672-F5D5-4226-A467-EFEBDBAB4BDA}.Debug|x64.ActiveCfg = Debug|x64
		{346FD672-F5D5-4226-A467-EFEBDBAB4BDA}.Debug|x64.Build.0 = Debug|x64
		{346FD672-F5D5-4226-A467-EFEBDBAB4BDA}.Debug|x64.Deploy.0 = Debug|x64
		{346FD672-F5D5-4226-A467-EFEBDBAB4BDA}.Release|x64.ActiveCfg = Release|x64
		{346FD672-F5D5-4226-A467-EFEBDBAB4BDA}.Release|x64.Build.0 = Release|x64
		{39FA00D8-59A7-4167-9015-BFEE0EEB6E14}.Debug|x64.ActiveCfg = Debug|x64
		{39FA00D8-59A7-4167-9015-BFEE0EEB6E14}.Release|x64.ActiveCfg = Release|x64
		{39FA00D8-59A7-4167-9015-BFEE0EEB6E14}.Release|x64.Build.0 = Release|x64
		{0B78252D-1C5D-446A-84DE-D0B17418218A}.Debug|x64.ActiveCfg = Debug|x86
		{0B78252D-1C5D-446A-84DE-D0B17418218A}.Release|x64.ActiveCfg = Release|x86
		{0B78252D-1C5D-446A-84DE-D0B17418218A}.Release|x64.Build.0 = Release|x86
		{0DC35921-32A4-42EC-A293-8916797EB358}.Debug|x64.ActiveCfg = Debug|x64
		{0DC35921-32A4-42EC-A293-8916797EB358}.Debug|x64.Build.0 = Debug|x64
		{0DC35921-32A4-42EC-A293-8916797EB358}.Release|x64.ActiveCfg = Release|x64
		{0DC35921-32A4-42EC-A293-8916797EB358}.Release|x64.Build.0 = Release|x64
		{53A39CBF-704F-4940-B008-83B83972B250}.Debug|x64.ActiveCfg = Debug|x64
		{53A39CBF-704F-4940-B008-83B83972B250}.Debug|x64.Build.0 = Debug|x64
		{53A39CBF-704F-4940-B008-83B83972B250}.Release|x64.ActiveCfg = Release|x64
		{53A39CBF-704F-4940-B008-83B83972B250}.Release|x64.Build.0 = Release|x64
	EndGlobalSection
	GlobalSection(SolutionProperties) = preSolution
		HideSolutionNode = FALSE
	EndGlobalSection
	GlobalSection(ExtensibilityGlobals) = postSolution
		SolutionGuid = {98BB8C58-726D-4AB8-A113-D44B55413B79}
	EndGlobalSection
EndGlobal
