
Microsoft Visual Studio Solution File, Format Version 12.00
# Visual Studio Version 17
VisualStudioVersion = 17.2.32630.192
MinimumVisualStudioVersion = 10.0.40219.1
Project("{9A19103F-16F7-4668-BE54-9A1E7A4F7556}") = "Totoro.WinUI", "Totoro.WinUI.csproj", "{346FD672-F5D5-4226-A467-EFEBDBAB4BDA}"
EndProject
Project("{930C7802-8A8C-48F9-8165-68863BCCD9DD}") = "Totoro.Installer", "..\Totoro.Installer\Totoro.Installer.wixproj", "{39FA00D8-59A7-4167-9015-BFEE0EEB6E14}"
EndProject
Project("{930C7802-8A8C-48F9-8165-68863BCCD9DD}") = "Totoro.Bootstrapper", "..\Totoro.Installer\Totoro.Bootstrapper.wixproj", "{0B78252D-1C5D-446A-84DE-D0B17418218A}"
EndProject
Project("{2150E333-8FDC-42A3-9474-1A3956D46DE8}") = "Solution Items", "Solution Items", "{2096F600-B2FF-4AA2-A9F4-19D6B36E0684}"
	ProjectSection(SolutionItems) = preProject
		..\.gitattributes = ..\.gitattributes
		..\.gitignore = ..\.gitignore
		..\.github\workflows\Deploy.yml = ..\.github\workflows\Deploy.yml
		..\LICENSE = ..\LICENSE
		..\nuget.config = ..\nuget.config
		..\plugins.json = ..\plugins.json
		..\README.md = ..\README.md
	EndProjectSection
EndProject
Project("{9A19103F-16F7-4668-BE54-9A1E7A4F7556}") = "Totoro.Core", "..\Totoro.Core\Totoro.Core.csproj", "{0DC35921-32A4-42EC-A293-8916797EB358}"
EndProject
Project("{9A19103F-16F7-4668-BE54-9A1E7A4F7556}") = "Totoro.Core.Tests", "..\Totoro.Core.Tests\Totoro.Core.Tests.csproj", "{53A39CBF-704F-4940-B008-83B83972B250}"
EndProject
Project("{2150E333-8FDC-42A3-9474-1A3956D46DE8}") = "Installer", "Installer", "{6FC3474F-4AF5-4F1C-9A60-8065006B2176}"
EndProject
Project("{2150E333-8FDC-42A3-9474-1A3956D46DE8}") = "Plugins", "Plugins", "{E2331907-A768-4E4A-AACA-B53B83AA1919}"
EndProject
Project("{9A19103F-16F7-4668-BE54-9A1E7A4F7556}") = "Totoro.Plugins.Anime", "..\Totoro.Plugins.Anime\Totoro.Plugins.Anime.csproj", "{F150D2AF-D88B-43B0-87FA-75BC04253E30}"
EndProject
Project("{9A19103F-16F7-4668-BE54-9A1E7A4F7556}") = "Totoro.Plugins", "..\Totoro.Plugins\Totoro.Plugins.csproj", "{D0B38240-41C6-4CE2-8E70-6E237FF65498}"
EndProject
Project("{9A19103F-16F7-4668-BE54-9A1E7A4F7556}") = "Totoro.Plugins.Anime.AnimePahe", "..\Totoro.Plugins.Anime.AnimePahe\Totoro.Plugins.Anime.AnimePahe.csproj", "{84C78515-F87D-406B-955E-AE84CDC8A44E}"
EndProject
Project("{2150E333-8FDC-42A3-9474-1A3956D46DE8}") = "Anime", "Anime", "{9F7BCE27-2A3F-4D82-8F52-903C9B356F25}"
EndProject
Project("{9A19103F-16F7-4668-BE54-9A1E7A4F7556}") = "Totoro.Plugins.Anime.AnimePahe.Tests", "..\Totoro.Plugins.Anime.AnimePahe.Tests\Totoro.Plugins.Anime.AnimePahe.Tests.csproj", "{2FE52236-DF8B-40C6-96FF-914434118044}"
EndProject
Project("{9A19103F-16F7-4668-BE54-9A1E7A4F7556}") = "Totoro.Plugins.Anime.AllAnime", "..\Totoro.Plugins.Anime.AllAnime\Totoro.Plugins.Anime.AllAnime.csproj", "{235E5957-AC87-4323-8E3B-64A948BB6621}"
EndProject
Project("{9A19103F-16F7-4668-BE54-9A1E7A4F7556}") = "Totoro.Plugins.Anime.AllAnime.Tests", "..\Totoro.Plugins.Anime.AllAnime.Tests\Totoro.Plugins.Anime.AllAnime.Tests.csproj", "{B727DAB9-0169-4733-9CB3-CB75BC8F9FA6}"
EndProject
Project("{9A19103F-16F7-4668-BE54-9A1E7A4F7556}") = "Totoro.Plugins.Anime.YugenAnime", "..\Totoro.Plugins.Anime.YugenAnime\Totoro.Plugins.Anime.YugenAnime.csproj", "{F2D03497-DCC2-4FC8-AF03-60B316ACEB62}"
EndProject
Project("{9A19103F-16F7-4668-BE54-9A1E7A4F7556}") = "Totoro.Plugins.Anime.YugenAnime.Tests", "..\Totoro.Plugins.Anime.YugenAnime.Tests\Totoro.Plugins.Anime.YugenAnime.Tests.csproj", "{C4E006E2-7A89-4E80-8F54-9D5391BE2D14}"
EndProject
Project("{9A19103F-16F7-4668-BE54-9A1E7A4F7556}") = "Totoro.Plugins.Anime.GogoAnime", "..\Totoro.Plugins.Anime.GogoAnime\Totoro.Plugins.Anime.GogoAnime.csproj", "{282BACC8-47D0-4923-9CBA-E499E68CA81B}"
EndProject
Project("{9A19103F-16F7-4668-BE54-9A1E7A4F7556}") = "Totoro.Plugins.Anime.GogoAnime.Tests", "..\Totoro.Plugins.Anime.GogoAnime.Tests\Totoro.Plugins.Anime.GogoAnime.Tests.csproj", "{0303576B-6099-416C-8F32-F7A131E8EDFD}"
EndProject
Project("{9A19103F-16F7-4668-BE54-9A1E7A4F7556}") = "Totoro.Plugins.Anime.Zoro", "..\Totoro.Plugins.Anime.Zoro\Totoro.Plugins.Anime.Zoro.csproj", "{BBA3D898-F4E6-42E2-894F-CBDA992DA594}"
EndProject
Project("{9A19103F-16F7-4668-BE54-9A1E7A4F7556}") = "Totoro.Plugins.Anime.Zoro.Tests", "..\Totoro.Plugins.Anime.ZoroTests\Totoro.Plugins.Anime.Zoro.Tests.csproj", "{1087127F-C9BB-4029-9737-46DF6831DCA1}"
EndProject
Project("{9A19103F-16F7-4668-BE54-9A1E7A4F7556}") = "Totoro.Plugins.Torrents", "..\Totoro.Plugins.Torrents\Totoro.Plugins.Torrents.csproj", "{3527BAD8-2A4A-492C-9DEB-37205A445C45}"
EndProject
Project("{2150E333-8FDC-42A3-9474-1A3956D46DE8}") = "Torrents", "Torrents", "{172557E0-6D09-4352-A6F3-172AFF78599B}"
EndProject
Project("{9A19103F-16F7-4668-BE54-9A1E7A4F7556}") = "Totoro.Plugins.Torrents.Nya", "..\Totoro.Plugins.Torrents.Nya\Totoro.Plugins.Torrents.Nya.csproj", "{03A01D57-2E2F-4D8F-B462-570AB1878925}"
EndProject
Project("{9A19103F-16F7-4668-BE54-9A1E7A4F7556}") = "Totoro.Plugins.Torrents.Nya.Tests", "..\Totoro.Plugins.Torrents.Nya.Tests\Totoro.Plugins.Torrents.Nya.Tests.csproj", "{7FEB2745-E922-43FA-9141-4E37D93DDD81}"
EndProject
Project("{9A19103F-16F7-4668-BE54-9A1E7A4F7556}") = "Totoro.Plugins.Torrents.AnimeTosho", "..\Totoro.Plugins.Torrents.AnimeTosho\Totoro.Plugins.Torrents.AnimeTosho.csproj", "{3071EFF8-C1DA-4C48-AC41-01BB468AC9B7}"
EndProject
Project("{9A19103F-16F7-4668-BE54-9A1E7A4F7556}") = "Totoro.Plugins.Torrents.AnimeTosho.Tests", "..\Totoro.Plugins.Torrents.AnimeTosho.Tests\Totoro.Plugins.Torrents.AnimeTosho.Tests.csproj", "{0399ED4B-3BC0-4799-B6A0-F3448EABD212}"
EndProject
Project("{9A19103F-16F7-4668-BE54-9A1E7A4F7556}") = "Totoro.Plugins.Anime.Marin", "..\Totoro.Plugins.Anime.Marin\Totoro.Plugins.Anime.Marin.csproj", "{0B2F4C83-47D4-4B8F-9255-FF4186EB57FF}"
EndProject
Project("{9A19103F-16F7-4668-BE54-9A1E7A4F7556}") = "Totoro.Plugins.Anime.Marin.Tests", "..\Totoro.Plugins.Anime.Marin.Tests\Totoro.Plugins.Anime.Marin.Tests.csproj", "{039B3647-B1CB-4B3D-9501-1E4DF21A9D4F}"
EndProject
Project("{9A19103F-16F7-4668-BE54-9A1E7A4F7556}") = "Totoro.Plugins.MediaDetection", "..\Totoro.Plugins.MediaDetection\Totoro.Plugins.MediaDetection.csproj", "{06099802-65BD-47D6-AB96-F8D65654012F}"
EndProject
Project("{9A19103F-16F7-4668-BE54-9A1E7A4F7556}") = "Totoro.Plugins.MediaDetection.Vlc", "..\Totoro.Plugins.MediaDetection.Vlc\Totoro.Plugins.MediaDetection.Vlc.csproj", "{53AF97EB-94A1-4AC1-9946-73AAB26C8A1B}"
EndProject
Project("{2150E333-8FDC-42A3-9474-1A3956D46DE8}") = "Media Detection", "Media Detection", "{046D778E-C7B5-4086-A056-F0526C7C3A96}"
EndProject
Project("{9A19103F-16F7-4668-BE54-9A1E7A4F7556}") = "Totoro.Plugins.MediaDetection.Win11MediaPlayer", "..\Totoro.Plugins.MediaDetection.Win11MediaPlayer\Totoro.Plugins.MediaDetection.Win11MediaPlayer.csproj", "{5117D9CF-5D78-459F-9546-113BCEDD79B8}"
EndProject
Project("{9A19103F-16F7-4668-BE54-9A1E7A4F7556}") = "Totoro.Plugins.MediaDetection.Generic", "..\Totoro.Plugins.MediaDetection.Mpv\Totoro.Plugins.MediaDetection.Generic.csproj", "{A2856FA8-E5E3-469D-997B-CC50E6B4BC07}"
EndProject
Global
	GlobalSection(SolutionConfigurationPlatforms) = preSolution
		Debug|Any CPU = Debug|Any CPU
		Debug|x64 = Debug|x64
		Release|Any CPU = Release|Any CPU
		Release|x64 = Release|x64
	EndGlobalSection
	GlobalSection(ProjectConfigurationPlatforms) = postSolution
		{346FD672-F5D5-4226-A467-EFEBDBAB4BDA}.Debug|Any CPU.ActiveCfg = Debug|x64
		{346FD672-F5D5-4226-A467-EFEBDBAB4BDA}.Debug|Any CPU.Build.0 = Debug|x64
		{346FD672-F5D5-4226-A467-EFEBDBAB4BDA}.Debug|x64.ActiveCfg = Debug|x64
		{346FD672-F5D5-4226-A467-EFEBDBAB4BDA}.Debug|x64.Build.0 = Debug|x64
		{346FD672-F5D5-4226-A467-EFEBDBAB4BDA}.Debug|x64.Deploy.0 = Debug|x64
		{346FD672-F5D5-4226-A467-EFEBDBAB4BDA}.Release|Any CPU.ActiveCfg = Release|x64
		{346FD672-F5D5-4226-A467-EFEBDBAB4BDA}.Release|Any CPU.Build.0 = Release|x64
		{346FD672-F5D5-4226-A467-EFEBDBAB4BDA}.Release|x64.ActiveCfg = Release|x64
		{346FD672-F5D5-4226-A467-EFEBDBAB4BDA}.Release|x64.Build.0 = Release|x64
		{39FA00D8-59A7-4167-9015-BFEE0EEB6E14}.Debug|Any CPU.ActiveCfg = Debug|x64
		{39FA00D8-59A7-4167-9015-BFEE0EEB6E14}.Debug|Any CPU.Build.0 = Debug|x64
		{39FA00D8-59A7-4167-9015-BFEE0EEB6E14}.Debug|x64.ActiveCfg = Debug|x64
		{39FA00D8-59A7-4167-9015-BFEE0EEB6E14}.Release|Any CPU.ActiveCfg = Release|x64
		{39FA00D8-59A7-4167-9015-BFEE0EEB6E14}.Release|Any CPU.Build.0 = Release|x64
		{39FA00D8-59A7-4167-9015-BFEE0EEB6E14}.Release|x64.ActiveCfg = Release|x64
		{0B78252D-1C5D-446A-84DE-D0B17418218A}.Debug|Any CPU.ActiveCfg = Debug|x86
		{0B78252D-1C5D-446A-84DE-D0B17418218A}.Debug|Any CPU.Build.0 = Debug|x86
		{0B78252D-1C5D-446A-84DE-D0B17418218A}.Debug|x64.ActiveCfg = Debug|x86
		{0B78252D-1C5D-446A-84DE-D0B17418218A}.Release|Any CPU.ActiveCfg = Release|x86
		{0B78252D-1C5D-446A-84DE-D0B17418218A}.Release|Any CPU.Build.0 = Release|x86
		{0B78252D-1C5D-446A-84DE-D0B17418218A}.Release|x64.ActiveCfg = Release|x86
		{0DC35921-32A4-42EC-A293-8916797EB358}.Debug|Any CPU.ActiveCfg = Debug|x64
		{0DC35921-32A4-42EC-A293-8916797EB358}.Debug|Any CPU.Build.0 = Debug|x64
		{0DC35921-32A4-42EC-A293-8916797EB358}.Debug|x64.ActiveCfg = Debug|x64
		{0DC35921-32A4-42EC-A293-8916797EB358}.Debug|x64.Build.0 = Debug|x64
		{0DC35921-32A4-42EC-A293-8916797EB358}.Release|Any CPU.ActiveCfg = Release|x64
		{0DC35921-32A4-42EC-A293-8916797EB358}.Release|Any CPU.Build.0 = Release|x64
		{0DC35921-32A4-42EC-A293-8916797EB358}.Release|x64.ActiveCfg = Release|x64
		{0DC35921-32A4-42EC-A293-8916797EB358}.Release|x64.Build.0 = Release|x64
		{53A39CBF-704F-4940-B008-83B83972B250}.Debug|Any CPU.ActiveCfg = Debug|x64
		{53A39CBF-704F-4940-B008-83B83972B250}.Debug|Any CPU.Build.0 = Debug|x64
		{53A39CBF-704F-4940-B008-83B83972B250}.Debug|x64.ActiveCfg = Debug|x64
		{53A39CBF-704F-4940-B008-83B83972B250}.Debug|x64.Build.0 = Debug|x64
		{53A39CBF-704F-4940-B008-83B83972B250}.Release|Any CPU.ActiveCfg = Release|x64
		{53A39CBF-704F-4940-B008-83B83972B250}.Release|Any CPU.Build.0 = Release|x64
		{53A39CBF-704F-4940-B008-83B83972B250}.Release|x64.ActiveCfg = Release|x64
		{53A39CBF-704F-4940-B008-83B83972B250}.Release|x64.Build.0 = Release|x64
		{F150D2AF-D88B-43B0-87FA-75BC04253E30}.Debug|Any CPU.ActiveCfg = Debug|x64
		{F150D2AF-D88B-43B0-87FA-75BC04253E30}.Debug|Any CPU.Build.0 = Debug|x64
		{F150D2AF-D88B-43B0-87FA-75BC04253E30}.Debug|x64.ActiveCfg = Debug|x64
		{F150D2AF-D88B-43B0-87FA-75BC04253E30}.Debug|x64.Build.0 = Debug|x64
		{F150D2AF-D88B-43B0-87FA-75BC04253E30}.Release|Any CPU.ActiveCfg = Release|x64
		{F150D2AF-D88B-43B0-87FA-75BC04253E30}.Release|Any CPU.Build.0 = Release|x64
		{F150D2AF-D88B-43B0-87FA-75BC04253E30}.Release|x64.ActiveCfg = Release|x64
		{F150D2AF-D88B-43B0-87FA-75BC04253E30}.Release|x64.Build.0 = Release|x64
		{D0B38240-41C6-4CE2-8E70-6E237FF65498}.Debug|Any CPU.ActiveCfg = Debug|x64
		{D0B38240-41C6-4CE2-8E70-6E237FF65498}.Debug|Any CPU.Build.0 = Debug|x64
		{D0B38240-41C6-4CE2-8E70-6E237FF65498}.Debug|x64.ActiveCfg = Debug|x64
		{D0B38240-41C6-4CE2-8E70-6E237FF65498}.Debug|x64.Build.0 = Debug|x64
		{D0B38240-41C6-4CE2-8E70-6E237FF65498}.Release|Any CPU.ActiveCfg = Release|x64
		{D0B38240-41C6-4CE2-8E70-6E237FF65498}.Release|Any CPU.Build.0 = Release|x64
		{D0B38240-41C6-4CE2-8E70-6E237FF65498}.Release|x64.ActiveCfg = Release|x64
		{D0B38240-41C6-4CE2-8E70-6E237FF65498}.Release|x64.Build.0 = Release|x64
		{84C78515-F87D-406B-955E-AE84CDC8A44E}.Debug|Any CPU.ActiveCfg = Debug|x64
		{84C78515-F87D-406B-955E-AE84CDC8A44E}.Debug|Any CPU.Build.0 = Debug|x64
		{84C78515-F87D-406B-955E-AE84CDC8A44E}.Debug|x64.ActiveCfg = Debug|x64
		{84C78515-F87D-406B-955E-AE84CDC8A44E}.Debug|x64.Build.0 = Debug|x64
		{84C78515-F87D-406B-955E-AE84CDC8A44E}.Release|Any CPU.ActiveCfg = Release|x64
		{84C78515-F87D-406B-955E-AE84CDC8A44E}.Release|Any CPU.Build.0 = Release|x64
		{84C78515-F87D-406B-955E-AE84CDC8A44E}.Release|x64.ActiveCfg = Release|x64
		{84C78515-F87D-406B-955E-AE84CDC8A44E}.Release|x64.Build.0 = Release|x64
		{2FE52236-DF8B-40C6-96FF-914434118044}.Debug|Any CPU.ActiveCfg = Debug|x64
		{2FE52236-DF8B-40C6-96FF-914434118044}.Debug|Any CPU.Build.0 = Debug|x64
		{2FE52236-DF8B-40C6-96FF-914434118044}.Debug|x64.ActiveCfg = Debug|x64
		{2FE52236-DF8B-40C6-96FF-914434118044}.Debug|x64.Build.0 = Debug|x64
		{2FE52236-DF8B-40C6-96FF-914434118044}.Release|Any CPU.ActiveCfg = Release|x64
		{2FE52236-DF8B-40C6-96FF-914434118044}.Release|Any CPU.Build.0 = Release|x64
		{2FE52236-DF8B-40C6-96FF-914434118044}.Release|x64.ActiveCfg = Release|x64
		{2FE52236-DF8B-40C6-96FF-914434118044}.Release|x64.Build.0 = Release|x64
		{235E5957-AC87-4323-8E3B-64A948BB6621}.Debug|Any CPU.ActiveCfg = Debug|x64
		{235E5957-AC87-4323-8E3B-64A948BB6621}.Debug|Any CPU.Build.0 = Debug|x64
		{235E5957-AC87-4323-8E3B-64A948BB6621}.Debug|x64.ActiveCfg = Debug|x64
		{235E5957-AC87-4323-8E3B-64A948BB6621}.Debug|x64.Build.0 = Debug|x64
		{235E5957-AC87-4323-8E3B-64A948BB6621}.Release|Any CPU.ActiveCfg = Release|x64
		{235E5957-AC87-4323-8E3B-64A948BB6621}.Release|Any CPU.Build.0 = Release|x64
		{235E5957-AC87-4323-8E3B-64A948BB6621}.Release|x64.ActiveCfg = Release|x64
		{235E5957-AC87-4323-8E3B-64A948BB6621}.Release|x64.Build.0 = Release|x64
		{B727DAB9-0169-4733-9CB3-CB75BC8F9FA6}.Debug|Any CPU.ActiveCfg = Debug|x64
		{B727DAB9-0169-4733-9CB3-CB75BC8F9FA6}.Debug|Any CPU.Build.0 = Debug|x64
		{B727DAB9-0169-4733-9CB3-CB75BC8F9FA6}.Debug|x64.ActiveCfg = Debug|x64
		{B727DAB9-0169-4733-9CB3-CB75BC8F9FA6}.Debug|x64.Build.0 = Debug|x64
		{B727DAB9-0169-4733-9CB3-CB75BC8F9FA6}.Release|Any CPU.ActiveCfg = Release|x64
		{B727DAB9-0169-4733-9CB3-CB75BC8F9FA6}.Release|Any CPU.Build.0 = Release|x64
		{B727DAB9-0169-4733-9CB3-CB75BC8F9FA6}.Release|x64.ActiveCfg = Release|x64
		{B727DAB9-0169-4733-9CB3-CB75BC8F9FA6}.Release|x64.Build.0 = Release|x64
		{F2D03497-DCC2-4FC8-AF03-60B316ACEB62}.Debug|Any CPU.ActiveCfg = Debug|x64
		{F2D03497-DCC2-4FC8-AF03-60B316ACEB62}.Debug|Any CPU.Build.0 = Debug|x64
		{F2D03497-DCC2-4FC8-AF03-60B316ACEB62}.Debug|x64.ActiveCfg = Debug|x64
		{F2D03497-DCC2-4FC8-AF03-60B316ACEB62}.Debug|x64.Build.0 = Debug|x64
		{F2D03497-DCC2-4FC8-AF03-60B316ACEB62}.Release|Any CPU.ActiveCfg = Release|Any CPU
		{F2D03497-DCC2-4FC8-AF03-60B316ACEB62}.Release|Any CPU.Build.0 = Release|Any CPU
		{F2D03497-DCC2-4FC8-AF03-60B316ACEB62}.Release|x64.ActiveCfg = Release|x64
		{F2D03497-DCC2-4FC8-AF03-60B316ACEB62}.Release|x64.Build.0 = Release|x64
		{C4E006E2-7A89-4E80-8F54-9D5391BE2D14}.Debug|Any CPU.ActiveCfg = Debug|Any CPU
		{C4E006E2-7A89-4E80-8F54-9D5391BE2D14}.Debug|Any CPU.Build.0 = Debug|Any CPU
		{C4E006E2-7A89-4E80-8F54-9D5391BE2D14}.Debug|x64.ActiveCfg = Debug|x64
		{C4E006E2-7A89-4E80-8F54-9D5391BE2D14}.Debug|x64.Build.0 = Debug|x64
		{C4E006E2-7A89-4E80-8F54-9D5391BE2D14}.Release|Any CPU.ActiveCfg = Release|Any CPU
		{C4E006E2-7A89-4E80-8F54-9D5391BE2D14}.Release|Any CPU.Build.0 = Release|Any CPU
		{C4E006E2-7A89-4E80-8F54-9D5391BE2D14}.Release|x64.ActiveCfg = Release|x64
		{C4E006E2-7A89-4E80-8F54-9D5391BE2D14}.Release|x64.Build.0 = Release|x64
		{282BACC8-47D0-4923-9CBA-E499E68CA81B}.Debug|Any CPU.ActiveCfg = Debug|Any CPU
		{282BACC8-47D0-4923-9CBA-E499E68CA81B}.Debug|Any CPU.Build.0 = Debug|Any CPU
		{282BACC8-47D0-4923-9CBA-E499E68CA81B}.Debug|x64.ActiveCfg = Debug|x64
		{282BACC8-47D0-4923-9CBA-E499E68CA81B}.Debug|x64.Build.0 = Debug|x64
		{282BACC8-47D0-4923-9CBA-E499E68CA81B}.Release|Any CPU.ActiveCfg = Release|Any CPU
		{282BACC8-47D0-4923-9CBA-E499E68CA81B}.Release|Any CPU.Build.0 = Release|Any CPU
		{282BACC8-47D0-4923-9CBA-E499E68CA81B}.Release|x64.ActiveCfg = Release|x64
		{282BACC8-47D0-4923-9CBA-E499E68CA81B}.Release|x64.Build.0 = Release|x64
		{0303576B-6099-416C-8F32-F7A131E8EDFD}.Debug|Any CPU.ActiveCfg = Debug|Any CPU
		{0303576B-6099-416C-8F32-F7A131E8EDFD}.Debug|Any CPU.Build.0 = Debug|Any CPU
		{0303576B-6099-416C-8F32-F7A131E8EDFD}.Debug|x64.ActiveCfg = Debug|x64
		{0303576B-6099-416C-8F32-F7A131E8EDFD}.Debug|x64.Build.0 = Debug|x64
		{0303576B-6099-416C-8F32-F7A131E8EDFD}.Release|Any CPU.ActiveCfg = Release|Any CPU
		{0303576B-6099-416C-8F32-F7A131E8EDFD}.Release|Any CPU.Build.0 = Release|Any CPU
		{0303576B-6099-416C-8F32-F7A131E8EDFD}.Release|x64.ActiveCfg = Release|x64
		{0303576B-6099-416C-8F32-F7A131E8EDFD}.Release|x64.Build.0 = Release|x64
		{BBA3D898-F4E6-42E2-894F-CBDA992DA594}.Debug|Any CPU.ActiveCfg = Debug|x64
		{BBA3D898-F4E6-42E2-894F-CBDA992DA594}.Debug|Any CPU.Build.0 = Debug|x64
		{BBA3D898-F4E6-42E2-894F-CBDA992DA594}.Debug|x64.ActiveCfg = Debug|x64
		{BBA3D898-F4E6-42E2-894F-CBDA992DA594}.Debug|x64.Build.0 = Debug|x64
		{BBA3D898-F4E6-42E2-894F-CBDA992DA594}.Release|Any CPU.ActiveCfg = Release|x64
		{BBA3D898-F4E6-42E2-894F-CBDA992DA594}.Release|Any CPU.Build.0 = Release|x64
		{BBA3D898-F4E6-42E2-894F-CBDA992DA594}.Release|x64.ActiveCfg = Release|x64
		{BBA3D898-F4E6-42E2-894F-CBDA992DA594}.Release|x64.Build.0 = Release|x64
		{1087127F-C9BB-4029-9737-46DF6831DCA1}.Debug|Any CPU.ActiveCfg = Debug|x64
		{1087127F-C9BB-4029-9737-46DF6831DCA1}.Debug|Any CPU.Build.0 = Debug|x64
		{1087127F-C9BB-4029-9737-46DF6831DCA1}.Debug|x64.ActiveCfg = Debug|x64
		{1087127F-C9BB-4029-9737-46DF6831DCA1}.Debug|x64.Build.0 = Debug|x64
		{1087127F-C9BB-4029-9737-46DF6831DCA1}.Release|Any CPU.ActiveCfg = Release|x64
		{1087127F-C9BB-4029-9737-46DF6831DCA1}.Release|Any CPU.Build.0 = Release|x64
		{1087127F-C9BB-4029-9737-46DF6831DCA1}.Release|x64.ActiveCfg = Release|x64
		{1087127F-C9BB-4029-9737-46DF6831DCA1}.Release|x64.Build.0 = Release|x64
		{3527BAD8-2A4A-492C-9DEB-37205A445C45}.Debug|Any CPU.ActiveCfg = Debug|Any CPU
		{3527BAD8-2A4A-492C-9DEB-37205A445C45}.Debug|Any CPU.Build.0 = Debug|Any CPU
		{3527BAD8-2A4A-492C-9DEB-37205A445C45}.Debug|x64.ActiveCfg = Debug|x64
		{3527BAD8-2A4A-492C-9DEB-37205A445C45}.Debug|x64.Build.0 = Debug|x64
		{3527BAD8-2A4A-492C-9DEB-37205A445C45}.Release|Any CPU.ActiveCfg = Release|Any CPU
		{3527BAD8-2A4A-492C-9DEB-37205A445C45}.Release|Any CPU.Build.0 = Release|Any CPU
		{3527BAD8-2A4A-492C-9DEB-37205A445C45}.Release|x64.ActiveCfg = Release|x64
		{3527BAD8-2A4A-492C-9DEB-37205A445C45}.Release|x64.Build.0 = Release|x64
		{03A01D57-2E2F-4D8F-B462-570AB1878925}.Debug|Any CPU.ActiveCfg = Debug|x64
		{03A01D57-2E2F-4D8F-B462-570AB1878925}.Debug|x64.ActiveCfg = Debug|x64
		{03A01D57-2E2F-4D8F-B462-570AB1878925}.Debug|x64.Build.0 = Debug|x64
		{03A01D57-2E2F-4D8F-B462-570AB1878925}.Release|Any CPU.ActiveCfg = Release|x64
		{03A01D57-2E2F-4D8F-B462-570AB1878925}.Release|x64.ActiveCfg = Release|x64
		{03A01D57-2E2F-4D8F-B462-570AB1878925}.Release|x64.Build.0 = Release|x64
		{7FEB2745-E922-43FA-9141-4E37D93DDD81}.Debug|Any CPU.ActiveCfg = Debug|x64
		{7FEB2745-E922-43FA-9141-4E37D93DDD81}.Debug|x64.ActiveCfg = Debug|x64
		{7FEB2745-E922-43FA-9141-4E37D93DDD81}.Debug|x64.Build.0 = Debug|x64
		{7FEB2745-E922-43FA-9141-4E37D93DDD81}.Release|Any CPU.ActiveCfg = Release|x64
		{7FEB2745-E922-43FA-9141-4E37D93DDD81}.Release|x64.ActiveCfg = Release|x64
		{7FEB2745-E922-43FA-9141-4E37D93DDD81}.Release|x64.Build.0 = Release|x64
		{3071EFF8-C1DA-4C48-AC41-01BB468AC9B7}.Debug|Any CPU.ActiveCfg = Debug|x64
		{3071EFF8-C1DA-4C48-AC41-01BB468AC9B7}.Debug|x64.ActiveCfg = Debug|x64
		{3071EFF8-C1DA-4C48-AC41-01BB468AC9B7}.Debug|x64.Build.0 = Debug|x64
		{3071EFF8-C1DA-4C48-AC41-01BB468AC9B7}.Release|Any CPU.ActiveCfg = Release|x64
		{3071EFF8-C1DA-4C48-AC41-01BB468AC9B7}.Release|x64.ActiveCfg = Release|x64
		{3071EFF8-C1DA-4C48-AC41-01BB468AC9B7}.Release|x64.Build.0 = Release|x64
		{0399ED4B-3BC0-4799-B6A0-F3448EABD212}.Debug|Any CPU.ActiveCfg = Debug|x64
		{0399ED4B-3BC0-4799-B6A0-F3448EABD212}.Debug|x64.ActiveCfg = Debug|x64
		{0399ED4B-3BC0-4799-B6A0-F3448EABD212}.Debug|x64.Build.0 = Debug|x64
		{0399ED4B-3BC0-4799-B6A0-F3448EABD212}.Release|Any CPU.ActiveCfg = Release|x64
		{0399ED4B-3BC0-4799-B6A0-F3448EABD212}.Release|x64.ActiveCfg = Release|x64
		{0399ED4B-3BC0-4799-B6A0-F3448EABD212}.Release|x64.Build.0 = Release|x64
		{0B2F4C83-47D4-4B8F-9255-FF4186EB57FF}.Debug|Any CPU.ActiveCfg = Debug|x64
		{0B2F4C83-47D4-4B8F-9255-FF4186EB57FF}.Debug|x64.ActiveCfg = Debug|x64
		{0B2F4C83-47D4-4B8F-9255-FF4186EB57FF}.Debug|x64.Build.0 = Debug|x64
		{0B2F4C83-47D4-4B8F-9255-FF4186EB57FF}.Release|Any CPU.ActiveCfg = Release|x64
		{0B2F4C83-47D4-4B8F-9255-FF4186EB57FF}.Release|x64.ActiveCfg = Release|x64
		{0B2F4C83-47D4-4B8F-9255-FF4186EB57FF}.Release|x64.Build.0 = Release|x64
		{039B3647-B1CB-4B3D-9501-1E4DF21A9D4F}.Debug|Any CPU.ActiveCfg = Debug|x64
		{039B3647-B1CB-4B3D-9501-1E4DF21A9D4F}.Debug|x64.ActiveCfg = Debug|x64
		{039B3647-B1CB-4B3D-9501-1E4DF21A9D4F}.Debug|x64.Build.0 = Debug|x64
		{039B3647-B1CB-4B3D-9501-1E4DF21A9D4F}.Release|Any CPU.ActiveCfg = Release|x64
		{039B3647-B1CB-4B3D-9501-1E4DF21A9D4F}.Release|x64.ActiveCfg = Release|x64
		{039B3647-B1CB-4B3D-9501-1E4DF21A9D4F}.Release|x64.Build.0 = Release|x64
		{06099802-65BD-47D6-AB96-F8D65654012F}.Debug|Any CPU.ActiveCfg = Debug|x64
		{06099802-65BD-47D6-AB96-F8D65654012F}.Debug|x64.ActiveCfg = Debug|x64
		{06099802-65BD-47D6-AB96-F8D65654012F}.Debug|x64.Build.0 = Debug|x64
		{06099802-65BD-47D6-AB96-F8D65654012F}.Release|Any CPU.ActiveCfg = Release|x64
		{06099802-65BD-47D6-AB96-F8D65654012F}.Release|x64.ActiveCfg = Release|x64
		{06099802-65BD-47D6-AB96-F8D65654012F}.Release|x64.Build.0 = Release|x64
		{53AF97EB-94A1-4AC1-9946-73AAB26C8A1B}.Debug|Any CPU.ActiveCfg = Debug|x64
		{53AF97EB-94A1-4AC1-9946-73AAB26C8A1B}.Debug|x64.ActiveCfg = Debug|x64
		{53AF97EB-94A1-4AC1-9946-73AAB26C8A1B}.Debug|x64.Build.0 = Debug|x64
		{53AF97EB-94A1-4AC1-9946-73AAB26C8A1B}.Release|Any CPU.ActiveCfg = Release|x64
		{53AF97EB-94A1-4AC1-9946-73AAB26C8A1B}.Release|x64.ActiveCfg = Release|x64
		{53AF97EB-94A1-4AC1-9946-73AAB26C8A1B}.Release|x64.Build.0 = Release|x64
		{5117D9CF-5D78-459F-9546-113BCEDD79B8}.Debug|Any CPU.ActiveCfg = Debug|x64
		{5117D9CF-5D78-459F-9546-113BCEDD79B8}.Debug|x64.ActiveCfg = Debug|x64
		{5117D9CF-5D78-459F-9546-113BCEDD79B8}.Debug|x64.Build.0 = Debug|x64
		{5117D9CF-5D78-459F-9546-113BCEDD79B8}.Release|Any CPU.ActiveCfg = Release|x64
		{5117D9CF-5D78-459F-9546-113BCEDD79B8}.Release|x64.ActiveCfg = Release|x64
		{5117D9CF-5D78-459F-9546-113BCEDD79B8}.Release|x64.Build.0 = Release|x64
		{A2856FA8-E5E3-469D-997B-CC50E6B4BC07}.Debug|Any CPU.ActiveCfg = Debug|Any CPU
		{A2856FA8-E5E3-469D-997B-CC50E6B4BC07}.Debug|Any CPU.Build.0 = Debug|Any CPU
		{A2856FA8-E5E3-469D-997B-CC50E6B4BC07}.Debug|x64.ActiveCfg = Debug|x64
		{A2856FA8-E5E3-469D-997B-CC50E6B4BC07}.Debug|x64.Build.0 = Debug|x64
		{A2856FA8-E5E3-469D-997B-CC50E6B4BC07}.Release|Any CPU.ActiveCfg = Release|Any CPU
		{A2856FA8-E5E3-469D-997B-CC50E6B4BC07}.Release|Any CPU.Build.0 = Release|Any CPU
		{A2856FA8-E5E3-469D-997B-CC50E6B4BC07}.Release|x64.ActiveCfg = Release|x64
		{A2856FA8-E5E3-469D-997B-CC50E6B4BC07}.Release|x64.Build.0 = Release|x64
	EndGlobalSection
	GlobalSection(SolutionProperties) = preSolution
		HideSolutionNode = FALSE
	EndGlobalSection
	GlobalSection(NestedProjects) = preSolution
		{39FA00D8-59A7-4167-9015-BFEE0EEB6E14} = {6FC3474F-4AF5-4F1C-9A60-8065006B2176}
		{0B78252D-1C5D-446A-84DE-D0B17418218A} = {6FC3474F-4AF5-4F1C-9A60-8065006B2176}
		{F150D2AF-D88B-43B0-87FA-75BC04253E30} = {E2331907-A768-4E4A-AACA-B53B83AA1919}
		{D0B38240-41C6-4CE2-8E70-6E237FF65498} = {E2331907-A768-4E4A-AACA-B53B83AA1919}
		{84C78515-F87D-406B-955E-AE84CDC8A44E} = {9F7BCE27-2A3F-4D82-8F52-903C9B356F25}
		{9F7BCE27-2A3F-4D82-8F52-903C9B356F25} = {E2331907-A768-4E4A-AACA-B53B83AA1919}
		{2FE52236-DF8B-40C6-96FF-914434118044} = {9F7BCE27-2A3F-4D82-8F52-903C9B356F25}
		{235E5957-AC87-4323-8E3B-64A948BB6621} = {9F7BCE27-2A3F-4D82-8F52-903C9B356F25}
		{B727DAB9-0169-4733-9CB3-CB75BC8F9FA6} = {9F7BCE27-2A3F-4D82-8F52-903C9B356F25}
		{F2D03497-DCC2-4FC8-AF03-60B316ACEB62} = {9F7BCE27-2A3F-4D82-8F52-903C9B356F25}
		{C4E006E2-7A89-4E80-8F54-9D5391BE2D14} = {9F7BCE27-2A3F-4D82-8F52-903C9B356F25}
		{282BACC8-47D0-4923-9CBA-E499E68CA81B} = {9F7BCE27-2A3F-4D82-8F52-903C9B356F25}
		{0303576B-6099-416C-8F32-F7A131E8EDFD} = {9F7BCE27-2A3F-4D82-8F52-903C9B356F25}
		{BBA3D898-F4E6-42E2-894F-CBDA992DA594} = {9F7BCE27-2A3F-4D82-8F52-903C9B356F25}
		{1087127F-C9BB-4029-9737-46DF6831DCA1} = {9F7BCE27-2A3F-4D82-8F52-903C9B356F25}
		{3527BAD8-2A4A-492C-9DEB-37205A445C45} = {E2331907-A768-4E4A-AACA-B53B83AA1919}
		{172557E0-6D09-4352-A6F3-172AFF78599B} = {E2331907-A768-4E4A-AACA-B53B83AA1919}
		{03A01D57-2E2F-4D8F-B462-570AB1878925} = {172557E0-6D09-4352-A6F3-172AFF78599B}
		{7FEB2745-E922-43FA-9141-4E37D93DDD81} = {172557E0-6D09-4352-A6F3-172AFF78599B}
		{3071EFF8-C1DA-4C48-AC41-01BB468AC9B7} = {172557E0-6D09-4352-A6F3-172AFF78599B}
		{0399ED4B-3BC0-4799-B6A0-F3448EABD212} = {172557E0-6D09-4352-A6F3-172AFF78599B}
		{0B2F4C83-47D4-4B8F-9255-FF4186EB57FF} = {9F7BCE27-2A3F-4D82-8F52-903C9B356F25}
		{039B3647-B1CB-4B3D-9501-1E4DF21A9D4F} = {9F7BCE27-2A3F-4D82-8F52-903C9B356F25}
		{06099802-65BD-47D6-AB96-F8D65654012F} = {E2331907-A768-4E4A-AACA-B53B83AA1919}
		{53AF97EB-94A1-4AC1-9946-73AAB26C8A1B} = {046D778E-C7B5-4086-A056-F0526C7C3A96}
		{046D778E-C7B5-4086-A056-F0526C7C3A96} = {E2331907-A768-4E4A-AACA-B53B83AA1919}
		{5117D9CF-5D78-459F-9546-113BCEDD79B8} = {046D778E-C7B5-4086-A056-F0526C7C3A96}
		{A2856FA8-E5E3-469D-997B-CC50E6B4BC07} = {046D778E-C7B5-4086-A056-F0526C7C3A96}
	EndGlobalSection
	GlobalSection(ExtensibilityGlobals) = postSolution
		SolutionGuid = {98BB8C58-726D-4AB8-A113-D44B55413B79}
	EndGlobalSection
EndGlobal
