
Microsoft Visual Studio Solution File, Format Version 12.00
# Visual Studio Version 17
VisualStudioVersion = 17.2.32630.192
MinimumVisualStudioVersion = 10.0.40219.1
Project("{9A19103F-16F7-4668-BE54-9A1E7A4F7556}") = "Totoro.WinUI", "Totoro.WinUI.csproj", "{346FD672-F5D5-4226-A467-EFEBDBAB4BDA}"
EndProject
Project("{930C7802-8A8C-48F9-8165-68863BCCD9DD}") = "Totoro.Installer", "..\Totoro.Installer\Totoro.Installer.wixproj", "{39FA00D8-59A7-4167-9015-BFEE0EEB6E14}"
EndProject
Project("{930C7802-8A8C-48F9-8165-68863BCCD9DD}") = "Totoro.Bootstrapper", "..\Totoro.Installer\Totoro.Bootstrapper.wixproj", "{0B78252D-1C5D-446A-84DE-D0B17418218A}"
EndProject
Project("{2150E333-8FDC-42A3-9474-1A3956D46DE8}") = "Solution Items", "Solution Items", "{2096F600-B2FF-4AA2-A9F4-19D6B36E0684}"
	ProjectSection(SolutionItems) = preProject
		..\.gitattributes = ..\.gitattributes
		..\.gitignore = ..\.gitignore
		..\.github\workflows\Deploy.yml = ..\.github\workflows\Deploy.yml
		..\LICENSE = ..\LICENSE
		..\nuget.config = ..\nuget.config
		..\README.md = ..\README.md
	EndProjectSection
EndProject
Project("{9A19103F-16F7-4668-BE54-9A1E7A4F7556}") = "Totoro.Core", "..\Totoro.Core\Totoro.Core.csproj", "{0DC35921-32A4-42EC-A293-8916797EB358}"
EndProject
Project("{9A19103F-16F7-4668-BE54-9A1E7A4F7556}") = "Totoro.Core.Tests", "..\Totoro.Core.Tests\Totoro.Core.Tests.csproj", "{53A39CBF-704F-4940-B008-83B83972B250}"
EndProject
Project("{2150E333-8FDC-42A3-9474-1A3956D46DE8}") = "Installer", "Installer", "{6FC3474F-4AF5-4F1C-9A60-8065006B2176}"
EndProject
Project("{2150E333-8FDC-42A3-9474-1A3956D46DE8}") = "Plugins", "Plugins", "{E2331907-A768-4E4A-AACA-B53B83AA1919}"
EndProject
Project("{9A19103F-16F7-4668-BE54-9A1E7A4F7556}") = "Totoro.Plugins.Anime", "..\Totoro.Plugins.Anime\Totoro.Plugins.Anime.csproj", "{F150D2AF-D88B-43B0-87FA-75BC04253E30}"
EndProject
Project("{9A19103F-16F7-4668-BE54-9A1E7A4F7556}") = "Totoro.Plugins", "..\Totoro.Plugins\Totoro.Plugins.csproj", "{D0B38240-41C6-4CE2-8E70-6E237FF65498}"
EndProject
Project("{9A19103F-16F7-4668-BE54-9A1E7A4F7556}") = "Totoro.Plugins.Anime.AnimePahe", "..\Totoro.Plugins.Anime.AnimePahe\Totoro.Plugins.Anime.AnimePahe.csproj", "{84C78515-F87D-406B-955E-AE84CDC8A44E}"
EndProject
Project("{2150E333-8FDC-42A3-9474-1A3956D46DE8}") = "Anime", "Anime", "{9F7BCE27-2A3F-4D82-8F52-903C9B356F25}"
EndProject
Project("{FAE04EC0-301F-11D3-BF4B-00C04F79EFBC}") = "Totoro.Plugins.Anime.AnimePahe.Tests", "..\Totoro.Plugins.Anime.AnimePahe.Tests\Totoro.Plugins.Anime.AnimePahe.Tests.csproj", "{2FE52236-DF8B-40C6-96FF-914434118044}"
EndProject
Global
	GlobalSection(SolutionConfigurationPlatforms) = preSolution
		Debug|Any CPU = Debug|Any CPU
		Debug|x64 = Debug|x64
		Debug|x86 = Debug|x86
		Release|Any CPU = Release|Any CPU
		Release|x64 = Release|x64
		Release|x86 = Release|x86
	EndGlobalSection
	GlobalSection(ProjectConfigurationPlatforms) = postSolution
		{346FD672-F5D5-4226-A467-EFEBDBAB4BDA}.Debug|Any CPU.ActiveCfg = Debug|x64
		{346FD672-F5D5-4226-A467-EFEBDBAB4BDA}.Debug|Any CPU.Build.0 = Debug|x64
		{346FD672-F5D5-4226-A467-EFEBDBAB4BDA}.Debug|x64.ActiveCfg = Debug|x64
		{346FD672-F5D5-4226-A467-EFEBDBAB4BDA}.Debug|x64.Build.0 = Debug|x64
		{346FD672-F5D5-4226-A467-EFEBDBAB4BDA}.Debug|x64.Deploy.0 = Debug|x64
		{346FD672-F5D5-4226-A467-EFEBDBAB4BDA}.Debug|x86.ActiveCfg = Debug|x64
		{346FD672-F5D5-4226-A467-EFEBDBAB4BDA}.Debug|x86.Build.0 = Debug|x64
		{346FD672-F5D5-4226-A467-EFEBDBAB4BDA}.Release|Any CPU.ActiveCfg = Release|x64
		{346FD672-F5D5-4226-A467-EFEBDBAB4BDA}.Release|Any CPU.Build.0 = Release|x64
		{346FD672-F5D5-4226-A467-EFEBDBAB4BDA}.Release|x64.ActiveCfg = Release|x64
		{346FD672-F5D5-4226-A467-EFEBDBAB4BDA}.Release|x64.Build.0 = Release|x64
		{346FD672-F5D5-4226-A467-EFEBDBAB4BDA}.Release|x86.ActiveCfg = Release|x64
		{346FD672-F5D5-4226-A467-EFEBDBAB4BDA}.Release|x86.Build.0 = Release|x64
		{39FA00D8-59A7-4167-9015-BFEE0EEB6E14}.Debug|Any CPU.ActiveCfg = Debug|x64
		{39FA00D8-59A7-4167-9015-BFEE0EEB6E14}.Debug|Any CPU.Build.0 = Debug|x64
		{39FA00D8-59A7-4167-9015-BFEE0EEB6E14}.Debug|x64.ActiveCfg = Debug|x64
		{39FA00D8-59A7-4167-9015-BFEE0EEB6E14}.Debug|x86.ActiveCfg = Debug|x64
		{39FA00D8-59A7-4167-9015-BFEE0EEB6E14}.Debug|x86.Build.0 = Debug|x64
		{39FA00D8-59A7-4167-9015-BFEE0EEB6E14}.Release|Any CPU.ActiveCfg = Release|x64
		{39FA00D8-59A7-4167-9015-BFEE0EEB6E14}.Release|Any CPU.Build.0 = Release|x64
		{39FA00D8-59A7-4167-9015-BFEE0EEB6E14}.Release|x64.ActiveCfg = Release|x64
		{39FA00D8-59A7-4167-9015-BFEE0EEB6E14}.Release|x64.Build.0 = Release|x64
		{39FA00D8-59A7-4167-9015-BFEE0EEB6E14}.Release|x86.ActiveCfg = Release|x64
		{39FA00D8-59A7-4167-9015-BFEE0EEB6E14}.Release|x86.Build.0 = Release|x64
		{0B78252D-1C5D-446A-84DE-D0B17418218A}.Debug|Any CPU.ActiveCfg = Debug|x86
		{0B78252D-1C5D-446A-84DE-D0B17418218A}.Debug|Any CPU.Build.0 = Debug|x86
		{0B78252D-1C5D-446A-84DE-D0B17418218A}.Debug|x64.ActiveCfg = Debug|x86
		{0B78252D-1C5D-446A-84DE-D0B17418218A}.Debug|x86.ActiveCfg = Debug|x86
		{0B78252D-1C5D-446A-84DE-D0B17418218A}.Debug|x86.Build.0 = Debug|x86
		{0B78252D-1C5D-446A-84DE-D0B17418218A}.Release|Any CPU.ActiveCfg = Release|x86
		{0B78252D-1C5D-446A-84DE-D0B17418218A}.Release|Any CPU.Build.0 = Release|x86
		{0B78252D-1C5D-446A-84DE-D0B17418218A}.Release|x64.ActiveCfg = Release|x86
		{0B78252D-1C5D-446A-84DE-D0B17418218A}.Release|x64.Build.0 = Release|x86
		{0B78252D-1C5D-446A-84DE-D0B17418218A}.Release|x86.ActiveCfg = Release|x86
		{0B78252D-1C5D-446A-84DE-D0B17418218A}.Release|x86.Build.0 = Release|x86
		{0DC35921-32A4-42EC-A293-8916797EB358}.Debug|Any CPU.ActiveCfg = Debug|x64
		{0DC35921-32A4-42EC-A293-8916797EB358}.Debug|Any CPU.Build.0 = Debug|x64
		{0DC35921-32A4-42EC-A293-8916797EB358}.Debug|x64.ActiveCfg = Debug|x64
		{0DC35921-32A4-42EC-A293-8916797EB358}.Debug|x64.Build.0 = Debug|x64
		{0DC35921-32A4-42EC-A293-8916797EB358}.Debug|x86.ActiveCfg = Debug|x64
		{0DC35921-32A4-42EC-A293-8916797EB358}.Debug|x86.Build.0 = Debug|x64
		{0DC35921-32A4-42EC-A293-8916797EB358}.Release|Any CPU.ActiveCfg = Release|x64
		{0DC35921-32A4-42EC-A293-8916797EB358}.Release|Any CPU.Build.0 = Release|x64
		{0DC35921-32A4-42EC-A293-8916797EB358}.Release|x64.ActiveCfg = Release|x64
		{0DC35921-32A4-42EC-A293-8916797EB358}.Release|x64.Build.0 = Release|x64
		{0DC35921-32A4-42EC-A293-8916797EB358}.Release|x86.ActiveCfg = Release|x64
		{0DC35921-32A4-42EC-A293-8916797EB358}.Release|x86.Build.0 = Release|x64
		{53A39CBF-704F-4940-B008-83B83972B250}.Debug|Any CPU.ActiveCfg = Debug|x64
		{53A39CBF-704F-4940-B008-83B83972B250}.Debug|Any CPU.Build.0 = Debug|x64
		{53A39CBF-704F-4940-B008-83B83972B250}.Debug|x64.ActiveCfg = Debug|x64
		{53A39CBF-704F-4940-B008-83B83972B250}.Debug|x64.Build.0 = Debug|x64
		{53A39CBF-704F-4940-B008-83B83972B250}.Debug|x86.ActiveCfg = Debug|x64
		{53A39CBF-704F-4940-B008-83B83972B250}.Debug|x86.Build.0 = Debug|x64
		{53A39CBF-704F-4940-B008-83B83972B250}.Release|Any CPU.ActiveCfg = Release|x64
		{53A39CBF-704F-4940-B008-83B83972B250}.Release|Any CPU.Build.0 = Release|x64
		{53A39CBF-704F-4940-B008-83B83972B250}.Release|x64.ActiveCfg = Release|x64
		{53A39CBF-704F-4940-B008-83B83972B250}.Release|x64.Build.0 = Release|x64
		{53A39CBF-704F-4940-B008-83B83972B250}.Release|x86.ActiveCfg = Release|x64
		{53A39CBF-704F-4940-B008-83B83972B250}.Release|x86.Build.0 = Release|x64
		{F150D2AF-D88B-43B0-87FA-75BC04253E30}.Debug|Any CPU.ActiveCfg = Debug|Any CPU
		{F150D2AF-D88B-43B0-87FA-75BC04253E30}.Debug|Any CPU.Build.0 = Debug|Any CPU
		{F150D2AF-D88B-43B0-87FA-75BC04253E30}.Debug|x64.ActiveCfg = Debug|Any CPU
		{F150D2AF-D88B-43B0-87FA-75BC04253E30}.Debug|x64.Build.0 = Debug|Any CPU
		{F150D2AF-D88B-43B0-87FA-75BC04253E30}.Debug|x86.ActiveCfg = Debug|Any CPU
		{F150D2AF-D88B-43B0-87FA-75BC04253E30}.Debug|x86.Build.0 = Debug|Any CPU
		{F150D2AF-D88B-43B0-87FA-75BC04253E30}.Release|Any CPU.ActiveCfg = Release|Any CPU
		{F150D2AF-D88B-43B0-87FA-75BC04253E30}.Release|Any CPU.Build.0 = Release|Any CPU
		{F150D2AF-D88B-43B0-87FA-75BC04253E30}.Release|x64.ActiveCfg = Release|Any CPU
		{F150D2AF-D88B-43B0-87FA-75BC04253E30}.Release|x64.Build.0 = Release|Any CPU
		{F150D2AF-D88B-43B0-87FA-75BC04253E30}.Release|x86.ActiveCfg = Release|Any CPU
		{F150D2AF-D88B-43B0-87FA-75BC04253E30}.Release|x86.Build.0 = Release|Any CPU
		{D0B38240-41C6-4CE2-8E70-6E237FF65498}.Debug|Any CPU.ActiveCfg = Debug|Any CPU
		{D0B38240-41C6-4CE2-8E70-6E237FF65498}.Debug|Any CPU.Build.0 = Debug|Any CPU
		{D0B38240-41C6-4CE2-8E70-6E237FF65498}.Debug|x64.ActiveCfg = Debug|Any CPU
		{D0B38240-41C6-4CE2-8E70-6E237FF65498}.Debug|x64.Build.0 = Debug|Any CPU
		{D0B38240-41C6-4CE2-8E70-6E237FF65498}.Debug|x86.ActiveCfg = Debug|Any CPU
		{D0B38240-41C6-4CE2-8E70-6E237FF65498}.Debug|x86.Build.0 = Debug|Any CPU
		{D0B38240-41C6-4CE2-8E70-6E237FF65498}.Release|Any CPU.ActiveCfg = Release|Any CPU
		{D0B38240-41C6-4CE2-8E70-6E237FF65498}.Release|Any CPU.Build.0 = Release|Any CPU
		{D0B38240-41C6-4CE2-8E70-6E237FF65498}.Release|x64.ActiveCfg = Release|Any CPU
		{D0B38240-41C6-4CE2-8E70-6E237FF65498}.Release|x64.Build.0 = Release|Any CPU
		{D0B38240-41C6-4CE2-8E70-6E237FF65498}.Release|x86.ActiveCfg = Release|Any CPU
		{D0B38240-41C6-4CE2-8E70-6E237FF65498}.Release|x86.Build.0 = Release|Any CPU
		{84C78515-F87D-406B-955E-AE84CDC8A44E}.Debug|Any CPU.ActiveCfg = Debug|Any CPU
		{84C78515-F87D-406B-955E-AE84CDC8A44E}.Debug|Any CPU.Build.0 = Debug|Any CPU
		{84C78515-F87D-406B-955E-AE84CDC8A44E}.Debug|x64.ActiveCfg = Debug|Any CPU
		{84C78515-F87D-406B-955E-AE84CDC8A44E}.Debug|x64.Build.0 = Debug|Any CPU
		{84C78515-F87D-406B-955E-AE84CDC8A44E}.Debug|x86.ActiveCfg = Debug|Any CPU
		{84C78515-F87D-406B-955E-AE84CDC8A44E}.Debug|x86.Build.0 = Debug|Any CPU
		{84C78515-F87D-406B-955E-AE84CDC8A44E}.Release|Any CPU.ActiveCfg = Release|Any CPU
		{84C78515-F87D-406B-955E-AE84CDC8A44E}.Release|Any CPU.Build.0 = Release|Any CPU
		{84C78515-F87D-406B-955E-AE84CDC8A44E}.Release|x64.ActiveCfg = Release|Any CPU
		{84C78515-F87D-406B-955E-AE84CDC8A44E}.Release|x64.Build.0 = Release|Any CPU
		{84C78515-F87D-406B-955E-AE84CDC8A44E}.Release|x86.ActiveCfg = Release|Any CPU
		{84C78515-F87D-406B-955E-AE84CDC8A44E}.Release|x86.Build.0 = Release|Any CPU
		{2FE52236-DF8B-40C6-96FF-914434118044}.Debug|Any CPU.ActiveCfg = Debug|Any CPU
		{2FE52236-DF8B-40C6-96FF-914434118044}.Debug|Any CPU.Build.0 = Debug|Any CPU
		{2FE52236-DF8B-40C6-96FF-914434118044}.Debug|x64.ActiveCfg = Debug|Any CPU
		{2FE52236-DF8B-40C6-96FF-914434118044}.Debug|x64.Build.0 = Debug|Any CPU
		{2FE52236-DF8B-40C6-96FF-914434118044}.Debug|x86.ActiveCfg = Debug|Any CPU
		{2FE52236-DF8B-40C6-96FF-914434118044}.Debug|x86.Build.0 = Debug|Any CPU
		{2FE52236-DF8B-40C6-96FF-914434118044}.Release|Any CPU.ActiveCfg = Release|Any CPU
		{2FE52236-DF8B-40C6-96FF-914434118044}.Release|Any CPU.Build.0 = Release|Any CPU
		{2FE52236-DF8B-40C6-96FF-914434118044}.Release|x64.ActiveCfg = Release|Any CPU
		{2FE52236-DF8B-40C6-96FF-914434118044}.Release|x64.Build.0 = Release|Any CPU
		{2FE52236-DF8B-40C6-96FF-914434118044}.Release|x86.ActiveCfg = Release|Any CPU
		{2FE52236-DF8B-40C6-96FF-914434118044}.Release|x86.Build.0 = Release|Any CPU
	EndGlobalSection
	GlobalSection(SolutionProperties) = preSolution
		HideSolutionNode = FALSE
	EndGlobalSection
	GlobalSection(NestedProjects) = preSolution
		{39FA00D8-59A7-4167-9015-BFEE0EEB6E14} = {6FC3474F-4AF5-4F1C-9A60-8065006B2176}
		{0B78252D-1C5D-446A-84DE-D0B17418218A} = {6FC3474F-4AF5-4F1C-9A60-8065006B2176}
		{F150D2AF-D88B-43B0-87FA-75BC04253E30} = {E2331907-A768-4E4A-AACA-B53B83AA1919}
		{D0B38240-41C6-4CE2-8E70-6E237FF65498} = {E2331907-A768-4E4A-AACA-B53B83AA1919}
		{84C78515-F87D-406B-955E-AE84CDC8A44E} = {9F7BCE27-2A3F-4D82-8F52-903C9B356F25}
		{9F7BCE27-2A3F-4D82-8F52-903C9B356F25} = {E2331907-A768-4E4A-AACA-B53B83AA1919}
		{2FE52236-DF8B-40C6-96FF-914434118044} = {9F7BCE27-2A3F-4D82-8F52-903C9B356F25}
	EndGlobalSection
	GlobalSection(ExtensibilityGlobals) = postSolution
		SolutionGuid = {98BB8C58-726D-4AB8-A113-D44B55413B79}
	EndGlobalSection
EndGlobal
